
Microsoft Visual Studio Solution File, Format Version 12.00
# Visual Studio Version 17
VisualStudioVersion = 17.7.34202.233
MinimumVisualStudioVersion = 10.0.40219.1
Project("{FAE04EC0-301F-11D3-BF4B-00C04F79EFBC}") = "Assignment-1-RestSharp", "Assignment-1-RestSharp\Assignment-1-RestSharp.csproj", "{A86F1E36-BD82-440F-9586-3A4620047177}"
EndProject
Global
	GlobalSection(SolutionConfigurationPlatforms) = preSolution
		Debug|Any CPU = Debug|Any CPU
		Release|Any CPU = Release|Any CPU
	EndGlobalSection
	GlobalSection(ProjectConfigurationPlatforms) = postSolution
		{A86F1E36-BD82-440F-9586-3A4620047177}.Debug|Any CPU.ActiveCfg = Debug|Any CPU
		{A86F1E36-BD82-440F-9586-3A4620047177}.Debug|Any CPU.Build.0 = Debug|Any CPU
		{A86F1E36-BD82-440F-9586-3A4620047177}.Release|Any CPU.ActiveCfg = Release|Any CPU
		{A86F1E36-BD82-440F-9586-3A4620047177}.Release|Any CPU.Build.0 = Release|Any CPU
	EndGlobalSection
	GlobalSection(SolutionProperties) = preSolution
		HideSolutionNode = FALSE
	EndGlobalSection
	GlobalSection(ExtensibilityGlobals) = postSolution
		SolutionGuid = {87E8E0ED-ABF9-4D04-B8C6-C9517F6CDC45}
	EndGlobalSection
EndGlobal
